
Microsoft Visual Studio Solution File, Format Version 12.00
Project("{FAE04EC0-301F-11D3-BF4B-00C04F79EFBC}") = "ParseTree", "ParseTree\ParseTree.csproj", "{AC1ED361-BCCB-4C67-9C5D-72F88C295956}"
EndProject
Project("{FAE04EC0-301F-11D3-BF4B-00C04F79EFBC}") = "Test", "Test\Test.csproj", "{98B59B7E-58AE-4230-94E7-4E83F86A2AE5}"
EndProject
Global
	GlobalSection(SolutionConfigurationPlatforms) = preSolution
		Debug|Any CPU = Debug|Any CPU
		Release|Any CPU = Release|Any CPU
	EndGlobalSection
	GlobalSection(ProjectConfigurationPlatforms) = postSolution
		{AC1ED361-BCCB-4C67-9C5D-72F88C295956}.Debug|Any CPU.ActiveCfg = Debug|Any CPU
		{AC1ED361-BCCB-4C67-9C5D-72F88C295956}.Debug|Any CPU.Build.0 = Debug|Any CPU
		{AC1ED361-BCCB-4C67-9C5D-72F88C295956}.Release|Any CPU.ActiveCfg = Release|Any CPU
		{AC1ED361-BCCB-4C67-9C5D-72F88C295956}.Release|Any CPU.Build.0 = Release|Any CPU
		{98B59B7E-58AE-4230-94E7-4E83F86A2AE5}.Debug|Any CPU.ActiveCfg = Debug|Any CPU
		{98B59B7E-58AE-4230-94E7-4E83F86A2AE5}.Debug|Any CPU.Build.0 = Debug|Any CPU
		{98B59B7E-58AE-4230-94E7-4E83F86A2AE5}.Release|Any CPU.ActiveCfg = Release|Any CPU
		{98B59B7E-58AE-4230-94E7-4E83F86A2AE5}.Release|Any CPU.Build.0 = Release|Any CPU
	EndGlobalSection
EndGlobal
